hash: f3d3cb1432e05f1bcbb490bd4c652d35647e3a311d3d4c26dcde905e716a3341
updated: 2017-10-05T14:58:14.439837-07:00
imports:
- name: github.com/Azure/azure-sdk-for-go
  version: 2592daf71ab6b95dcfc7f7437ecc1afb9ddb7360
  subpackages:
  - arm/compute
  - arm/network
  - arm/resources/resources
  - arm/storage
- name: github.com/Azure/go-autorest
  version: f6be1abbb5abd0517522f850dd785990d373da7e
  subpackages:
  - autorest
  - autorest/adal
  - autorest/azure
  - autorest/date
  - autorest/to
  - autorest/validation
- name: github.com/dgrijalva/jwt-go
  version: 9ed569b5d1ac936e6494082958d63a6aa4fff99a
testImports: []
